// !$*UTF8*$!
{
	archiveVersion = 1;
	classes = {
	};
	objectVersion = 55;
	objects = {

/* Begin PBXBuildFile section */
		CB000F13282A20A10062D2E0 /* Group.swift in Sources */ = {isa = PBXBuildFile; fileRef = CB000F12282A20A10062D2E0 /* Group.swift */; };
		CB000F1C282A2BD90062D2E0 /* Group+CoreDataClass.swift in Sources */ = {isa = PBXBuildFile; fileRef = CB000F14282A2BD90062D2E0 /* Group+CoreDataClass.swift */; };
		CB000F1D282A2BD90062D2E0 /* Group+CoreDataProperties.swift in Sources */ = {isa = PBXBuildFile; fileRef = CB000F15282A2BD90062D2E0 /* Group+CoreDataProperties.swift */; };
		CB000F1E282A2BD90062D2E0 /* Task+CoreDataClass.swift in Sources */ = {isa = PBXBuildFile; fileRef = CB000F16282A2BD90062D2E0 /* Task+CoreDataClass.swift */; };
		CB000F1F282A2BD90062D2E0 /* Task+CoreDataProperties.swift in Sources */ = {isa = PBXBuildFile; fileRef = CB000F17282A2BD90062D2E0 /* Task+CoreDataProperties.swift */; };
		CB000F20282A2BD90062D2E0 /* User+CoreDataClass.swift in Sources */ = {isa = PBXBuildFile; fileRef = CB000F18282A2BD90062D2E0 /* User+CoreDataClass.swift */; };
		CB000F21282A2BD90062D2E0 /* User+CoreDataProperties.swift in Sources */ = {isa = PBXBuildFile; fileRef = CB000F19282A2BD90062D2E0 /* User+CoreDataProperties.swift */; };
		CB000F22282A2BD90062D2E0 /* TaskName+CoreDataClass.swift in Sources */ = {isa = PBXBuildFile; fileRef = CB000F1A282A2BD90062D2E0 /* TaskName+CoreDataClass.swift */; };
		CB000F23282A2BD90062D2E0 /* TaskName+CoreDataProperties.swift in Sources */ = {isa = PBXBuildFile; fileRef = CB000F1B282A2BD90062D2E0 /* TaskName+CoreDataProperties.swift */; };
		CB1131112829022D0029F69B /* testCircle.xcdatamodeld in Sources */ = {isa = PBXBuildFile; fileRef = CB11310F2829022D0029F69B /* testCircle.xcdatamodeld */; };
		CB11317E2829131B0029F69B /* CoreDataManager.swift in Sources */ = {isa = PBXBuildFile; fileRef = CB11317D2829131B0029F69B /* CoreDataManager.swift */; };
		CB11318028291AD70029F69B /* DataManager.swift in Sources */ = {isa = PBXBuildFile; fileRef = CB11317F28291AD70029F69B /* DataManager.swift */; };
		CB113182282925250029F69B /* NewViewController.swift in Sources */ = {isa = PBXBuildFile; fileRef = CB113181282925250029F69B /* NewViewController.swift */; };
		CB921B8928314B9E003B7367 /* CustomPopUpView.swift in Sources */ = {isa = PBXBuildFile; fileRef = CB921B8828314B9E003B7367 /* CustomPopUpView.swift */; };
		CBBC1F852839182F003F7F73 /* NewLayout.swift in Sources */ = {isa = PBXBuildFile; fileRef = CBBC1F842839182F003F7F73 /* NewLayout.swift */; };
		CBE3CFE42820EC9900C70677 /* AppDelegate.swift in Sources */ = {isa = PBXBuildFile; fileRef = CBE3CFE32820EC9900C70677 /* AppDelegate.swift */; };
		CBE3CFE62820EC9900C70677 /* SceneDelegate.swift in Sources */ = {isa = PBXBuildFile; fileRef = CBE3CFE52820EC9900C70677 /* SceneDelegate.swift */; };
		CBE3CFE82820EC9900C70677 /* ViewController.swift in Sources */ = {isa = PBXBuildFile; fileRef = CBE3CFE72820EC9900C70677 /* ViewController.swift */; };
		CBE3CFEB2820EC9900C70677 /* Main.storyboard in Resources */ = {isa = PBXBuildFile; fileRef = CBE3CFE92820EC9900C70677 /* Main.storyboard */; };
		CBE3CFED2820EC9A00C70677 /* Assets.xcassets in Resources */ = {isa = PBXBuildFile; fileRef = CBE3CFEC2820EC9A00C70677 /* Assets.xcassets */; };
		CBE3CFF02820EC9A00C70677 /* LaunchScreen.storyboard in Resources */ = {isa = PBXBuildFile; fileRef = CBE3CFEE2820EC9A00C70677 /* LaunchScreen.storyboard */; };
/* End PBXBuildFile section */

/* Begin PBXFileReference section */
		CB000F12282A20A10062D2E0 /* Group.swift */ = {isa = PBXFileReference; lastKnownFileType = sourcecode.swift; path = Group.swift; sourceTree = "<group>"; };
		CB000F14282A2BD90062D2E0 /* Group+CoreDataClass.swift */ = {isa = PBXFileReference; lastKnownFileType = sourcecode.swift; path = "Group+CoreDataClass.swift"; sourceTree = "<group>"; };
		CB000F15282A2BD90062D2E0 /* Group+CoreDataProperties.swift */ = {isa = PBXFileReference; lastKnownFileType = sourcecode.swift; path = "Group+CoreDataProperties.swift"; sourceTree = "<group>"; };
		CB000F16282A2BD90062D2E0 /* Task+CoreDataClass.swift */ = {isa = PBXFileReference; lastKnownFileType = sourcecode.swift; path = "Task+CoreDataClass.swift"; sourceTree = "<group>"; };
		CB000F17282A2BD90062D2E0 /* Task+CoreDataProperties.swift */ = {isa = PBXFileReference; lastKnownFileType = sourcecode.swift; path = "Task+CoreDataProperties.swift"; sourceTree = "<group>"; };
		CB000F18282A2BD90062D2E0 /* User+CoreDataClass.swift */ = {isa = PBXFileReference; lastKnownFileType = sourcecode.swift; path = "User+CoreDataClass.swift"; sourceTree = "<group>"; };
		CB000F19282A2BD90062D2E0 /* User+CoreDataProperties.swift */ = {isa = PBXFileReference; lastKnownFileType = sourcecode.swift; path = "User+CoreDataProperties.swift"; sourceTree = "<group>"; };
		CB000F1A282A2BD90062D2E0 /* TaskName+CoreDataClass.swift */ = {isa = PBXFileReference; lastKnownFileType = sourcecode.swift; path = "TaskName+CoreDataClass.swift"; sourceTree = "<group>"; };
		CB000F1B282A2BD90062D2E0 /* TaskName+CoreDataProperties.swift */ = {isa = PBXFileReference; lastKnownFileType = sourcecode.swift; path = "TaskName+CoreDataProperties.swift"; sourceTree = "<group>"; };
		CB1131102829022D0029F69B /* testCircle.xcdatamodel */ = {isa = PBXFileReference; lastKnownFileType = wrapper.xcdatamodel; path = testCircle.xcdatamodel; sourceTree = "<group>"; };
		CB11317D2829131B0029F69B /* CoreDataManager.swift */ = {isa = PBXFileReference; lastKnownFileType = sourcecode.swift; path = CoreDataManager.swift; sourceTree = "<group>"; };
		CB11317F28291AD70029F69B /* DataManager.swift */ = {isa = PBXFileReference; lastKnownFileType = sourcecode.swift; path = DataManager.swift; sourceTree = "<group>"; };
		CB113181282925250029F69B /* NewViewController.swift */ = {isa = PBXFileReference; lastKnownFileType = sourcecode.swift; path = NewViewController.swift; sourceTree = "<group>"; };
		CB921B8828314B9E003B7367 /* CustomPopUpView.swift */ = {isa = PBXFileReference; fileEncoding = 4; lastKnownFileType = sourcecode.swift; path = CustomPopUpView.swift; sourceTree = "<group>"; };
		CBBC1F842839182F003F7F73 /* NewLayout.swift */ = {isa = PBXFileReference; fileEncoding = 4; lastKnownFileType = sourcecode.swift; path = NewLayout.swift; sourceTree = "<group>"; };
		CBE3CFE02820EC9900C70677 /* testCircle.app */ = {isa = PBXFileReference; explicitFileType = wrapper.application; includeInIndex = 0; path = testCircle.app; sourceTree = BUILT_PRODUCTS_DIR; };
		CBE3CFE32820EC9900C70677 /* AppDelegate.swift */ = {isa = PBXFileReference; lastKnownFileType = sourcecode.swift; path = AppDelegate.swift; sourceTree = "<group>"; };
		CBE3CFE52820EC9900C70677 /* SceneDelegate.swift */ = {isa = PBXFileReference; lastKnownFileType = sourcecode.swift; path = SceneDelegate.swift; sourceTree = "<group>"; };
		CBE3CFE72820EC9900C70677 /* ViewController.swift */ = {isa = PBXFileReference; lastKnownFileType = sourcecode.swift; path = ViewController.swift; sourceTree = "<group>"; };
		CBE3CFEA2820EC9900C70677 /* Base */ = {isa = PBXFileReference; lastKnownFileType = file.storyboard; name = Base; path = Base.lproj/Main.storyboard; sourceTree = "<group>"; };
		CBE3CFEC2820EC9A00C70677 /* Assets.xcassets */ = {isa = PBXFileReference; lastKnownFileType = folder.assetcatalog; path = Assets.xcassets; sourceTree = "<group>"; };
		CBE3CFEF2820EC9A00C70677 /* Base */ = {isa = PBXFileReference; lastKnownFileType = file.storyboard; name = Base; path = Base.lproj/LaunchScreen.storyboard; sourceTree = "<group>"; };
		CBE3CFF12820EC9A00C70677 /* Info.plist */ = {isa = PBXFileReference; lastKnownFileType = text.plist.xml; path = Info.plist; sourceTree = "<group>"; };
/* End PBXFileReference section */

/* Begin PBXFrameworksBuildPhase section */
		CBE3CFDD2820EC9900C70677 /* Frameworks */ = {
			isa = PBXFrameworksBuildPhase;
			buildActionMask = 2147483647;
			files = (
			);
			runOnlyForDeploymentPostprocessing = 0;
		};
/* End PBXFrameworksBuildPhase section */

/* Begin PBXGroup section */
		CB11318B282953260029F69B /* CoreData */ = {
			isa = PBXGroup;
			children = (
				CB000F14282A2BD90062D2E0 /* Group+CoreDataClass.swift */,
				CB000F15282A2BD90062D2E0 /* Group+CoreDataProperties.swift */,
				CB000F16282A2BD90062D2E0 /* Task+CoreDataClass.swift */,
				CB000F17282A2BD90062D2E0 /* Task+CoreDataProperties.swift */,
				CB000F18282A2BD90062D2E0 /* User+CoreDataClass.swift */,
				CB000F19282A2BD90062D2E0 /* User+CoreDataProperties.swift */,
				CB000F1A282A2BD90062D2E0 /* TaskName+CoreDataClass.swift */,
				CB000F1B282A2BD90062D2E0 /* TaskName+CoreDataProperties.swift */,
			);
			path = CoreData;
			sourceTree = "<group>";
		};
		CBE3CFD72820EC9900C70677 = {
			isa = PBXGroup;
			children = (
				CBE3CFE22820EC9900C70677 /* testCircle */,
				CBE3CFE12820EC9900C70677 /* Products */,
			);
			sourceTree = "<group>";
		};
		CBE3CFE12820EC9900C70677 /* Products */ = {
			isa = PBXGroup;
			children = (
				CBE3CFE02820EC9900C70677 /* testCircle.app */,
			);
			name = Products;
			sourceTree = "<group>";
		};
		CBE3CFE22820EC9900C70677 /* testCircle */ = {
			isa = PBXGroup;
			children = (
				CB11318B282953260029F69B /* CoreData */,
				CBE3CFE32820EC9900C70677 /* AppDelegate.swift */,
				CBE3CFE52820EC9900C70677 /* SceneDelegate.swift */,
				CBBC1F842839182F003F7F73 /* NewLayout.swift */,
				CBE3CFE72820EC9900C70677 /* ViewController.swift */,
				CB921B8828314B9E003B7367 /* CustomPopUpView.swift */,
				CB113181282925250029F69B /* NewViewController.swift */,
				CBE3CFE92820EC9900C70677 /* Main.storyboard */,
				CBE3CFEC2820EC9A00C70677 /* Assets.xcassets */,
				CBE3CFEE2820EC9A00C70677 /* LaunchScreen.storyboard */,
				CBE3CFF12820EC9A00C70677 /* Info.plist */,
				CB11310F2829022D0029F69B /* testCircle.xcdatamodeld */,
				CB11317D2829131B0029F69B /* CoreDataManager.swift */,
				CB11317F28291AD70029F69B /* DataManager.swift */,
				CB000F12282A20A10062D2E0 /* Group.swift */,
			);
			path = testCircle;
			sourceTree = "<group>";
		};
/* End PBXGroup section */

/* Begin PBXNativeTarget section */
		CBE3CFDF2820EC9900C70677 /* testCircle */ = {
			isa = PBXNativeTarget;
			buildConfigurationList = CBE3CFF42820EC9A00C70677 /* Build configuration list for PBXNativeTarget "testCircle" */;
			buildPhases = (
				CBE3CFDC2820EC9900C70677 /* Sources */,
				CBE3CFDD2820EC9900C70677 /* Frameworks */,
				CBE3CFDE2820EC9900C70677 /* Resources */,
			);
			buildRules = (
			);
			dependencies = (
			);
			name = testCircle;
			productName = testCircle;
			productReference = CBE3CFE02820EC9900C70677 /* testCircle.app */;
			productType = "com.apple.product-type.application";
		};
/* End PBXNativeTarget section */

/* Begin PBXProject section */
		CBE3CFD82820EC9900C70677 /* Project object */ = {
			isa = PBXProject;
			attributes = {
				BuildIndependentTargetsInParallel = 1;
				LastSwiftUpdateCheck = 1320;
				LastUpgradeCheck = 1320;
				TargetAttributes = {
					CBE3CFDF2820EC9900C70677 = {
						CreatedOnToolsVersion = 13.2.1;
					};
				};
			};
			buildConfigurationList = CBE3CFDB2820EC9900C70677 /* Build configuration list for PBXProject "testCircle" */;
			compatibilityVersion = "Xcode 13.0";
			developmentRegion = en;
			hasScannedForEncodings = 0;
			knownRegions = (
				en,
				Base,
			);
			mainGroup = CBE3CFD72820EC9900C70677;
			productRefGroup = CBE3CFE12820EC9900C70677 /* Products */;
			projectDirPath = "";
			projectRoot = "";
			targets = (
				CBE3CFDF2820EC9900C70677 /* testCircle */,
			);
		};
/* End PBXProject section */

/* Begin PBXResourcesBuildPhase section */
		CBE3CFDE2820EC9900C70677 /* Resources */ = {
			isa = PBXResourcesBuildPhase;
			buildActionMask = 2147483647;
			files = (
				CBE3CFF02820EC9A00C70677 /* LaunchScreen.storyboard in Resources */,
				CBE3CFED2820EC9A00C70677 /* Assets.xcassets in Resources */,
				CBE3CFEB2820EC9900C70677 /* Main.storyboard in Resources */,
			);
			runOnlyForDeploymentPostprocessing = 0;
		};
/* End PBXResourcesBuildPhase section */

/* Begin PBXSourcesBuildPhase section */
		CBE3CFDC2820EC9900C70677 /* Sources */ = {
			isa = PBXSourcesBuildPhase;
			buildActionMask = 2147483647;
			files = (
				CB000F1D282A2BD90062D2E0 /* Group+CoreDataProperties.swift in Sources */,
				CB000F21282A2BD90062D2E0 /* User+CoreDataProperties.swift in Sources */,
				CB921B8928314B9E003B7367 /* CustomPopUpView.swift in Sources */,
				CB000F1E282A2BD90062D2E0 /* Task+CoreDataClass.swift in Sources */,
				CB11318028291AD70029F69B /* DataManager.swift in Sources */,
				CB000F1F282A2BD90062D2E0 /* Task+CoreDataProperties.swift in Sources */,
				CBE3CFE82820EC9900C70677 /* ViewController.swift in Sources */,
				CBE3CFE42820EC9900C70677 /* AppDelegate.swift in Sources */,
				CB000F23282A2BD90062D2E0 /* TaskName+CoreDataProperties.swift in Sources */,
				CB000F22282A2BD90062D2E0 /* TaskName+CoreDataClass.swift in Sources */,
				CB000F1C282A2BD90062D2E0 /* Group+CoreDataClass.swift in Sources */,
				CBE3CFE62820EC9900C70677 /* SceneDelegate.swift in Sources */,
				CB000F13282A20A10062D2E0 /* Group.swift in Sources */,
				CB113182282925250029F69B /* NewViewController.swift in Sources */,
				CB1131112829022D0029F69B /* testCircle.xcdatamodeld in Sources */,
				CB11317E2829131B0029F69B /* CoreDataManager.swift in Sources */,
				CBBC1F852839182F003F7F73 /* NewLayout.swift in Sources */,
				CB000F20282A2BD90062D2E0 /* User+CoreDataClass.swift in Sources */,
			);
			runOnlyForDeploymentPostprocessing = 0;
		};
/* End PBXSourcesBuildPhase section */

/* Begin PBXVariantGroup section */
		CBE3CFE92820EC9900C70677 /* Main.storyboard */ = {
			isa = PBXVariantGroup;
			children = (
				CBE3CFEA2820EC9900C70677 /* Base */,
			);
			name = Main.storyboard;
			sourceTree = "<group>";
		};
		CBE3CFEE2820EC9A00C70677 /* LaunchScreen.storyboard */ = {
			isa = PBXVariantGroup;
			children = (
				CBE3CFEF2820EC9A00C70677 /* Base */,
			);
			name = LaunchScreen.storyboard;
			sourceTree = "<group>";
		};
/* End PBXVariantGroup section */

/* Begin XCBuildConfiguration section */
		CBE3CFF22820EC9A00C70677 /* Debug */ = {
			isa = XCBuildConfiguration;
			buildSettings = {
				ALWAYS_SEARCH_USER_PATHS = NO;
				CLANG_ANALYZER_NONNULL = YES;
				CLANG_ANALYZER_NUMBER_OBJECT_CONVERSION = YES_AGGRESSIVE;
				CLANG_CXX_LANGUAGE_STANDARD = "gnu++17";
				CLANG_CXX_LIBRARY = "libc++";
				CLANG_ENABLE_MODULES = YES;
				CLANG_ENABLE_OBJC_ARC = YES;
				CLANG_ENABLE_OBJC_WEAK = YES;
				CLANG_WARN_BLOCK_CAPTURE_AUTORELEASING = YES;
				CLANG_WARN_BOOL_CONVERSION = YES;
				CLANG_WARN_COMMA = YES;
				CLANG_WARN_CONSTANT_CONVERSION = YES;
				CLANG_WARN_DEPRECATED_OBJC_IMPLEMENTATIONS = YES;
				CLANG_WARN_DIRECT_OBJC_ISA_USAGE = YES_ERROR;
				CLANG_WARN_DOCUMENTATION_COMMENTS = YES;
				CLANG_WARN_EMPTY_BODY = YES;
				CLANG_WARN_ENUM_CONVERSION = YES;
				CLANG_WARN_INFINITE_RECURSION = YES;
				CLANG_WARN_INT_CONVERSION = YES;
				CLANG_WARN_NON_LITERAL_NULL_CONVERSION = YES;
				CLANG_WARN_OBJC_IMPLICIT_RETAIN_SELF = YES;
				CLANG_WARN_OBJC_LITERAL_CONVERSION = YES;
				CLANG_WARN_OBJC_ROOT_CLASS = YES_ERROR;
				CLANG_WARN_QUOTED_INCLUDE_IN_FRAMEWORK_HEADER = YES;
				CLANG_WARN_RANGE_LOOP_ANALYSIS = YES;
				CLANG_WARN_STRICT_PROTOTYPES = YES;
				CLANG_WARN_SUSPICIOUS_MOVE = YES;
				CLANG_WARN_UNGUARDED_AVAILABILITY = YES_AGGRESSIVE;
				CLANG_WARN_UNREACHABLE_CODE = YES;
				CLANG_WARN__DUPLICATE_METHOD_MATCH = YES;
				COPY_PHASE_STRIP = NO;
				DEBUG_INFORMATION_FORMAT = dwarf;
				ENABLE_STRICT_OBJC_MSGSEND = YES;
				ENABLE_TESTABILITY = YES;
				GCC_C_LANGUAGE_STANDARD = gnu11;
				GCC_DYNAMIC_NO_PIC = NO;
				GCC_NO_COMMON_BLOCKS = YES;
				GCC_OPTIMIZATION_LEVEL = 0;
				GCC_PREPROCESSOR_DEFINITIONS = (
					"DEBUG=1",
					"$(inherited)",
				);
				GCC_WARN_64_TO_32_BIT_CONVERSION = YES;
				GCC_WARN_ABOUT_RETURN_TYPE = YES_ERROR;
				GCC_WARN_UNDECLARED_SELECTOR = YES;
				GCC_WARN_UNINITIALIZED_AUTOS = YES_AGGRESSIVE;
				GCC_WARN_UNUSED_FUNCTION = YES;
				GCC_WARN_UNUSED_VARIABLE = YES;
				IPHONEOS_DEPLOYMENT_TARGET = 15.2;
				MTL_ENABLE_DEBUG_INFO = INCLUDE_SOURCE;
				MTL_FAST_MATH = YES;
				ONLY_ACTIVE_ARCH = YES;
				SDKROOT = iphoneos;
				SWIFT_ACTIVE_COMPILATION_CONDITIONS = DEBUG;
				SWIFT_OPTIMIZATION_LEVEL = "-Onone";
			};
			name = Debug;
		};
		CBE3CFF32820EC9A00C70677 /* Release */ = {
			isa = XCBuildConfiguration;
			buildSettings = {
				ALWAYS_SEARCH_USER_PATHS = NO;
				CLANG_ANALYZER_NONNULL = YES;
				CLANG_ANALYZER_NUMBER_OBJECT_CONVERSION = YES_AGGRESSIVE;
				CLANG_CXX_LANGUAGE_STANDARD = "gnu++17";
				CLANG_CXX_LIBRARY = "libc++";
				CLANG_ENABLE_MODULES = YES;
				CLANG_ENABLE_OBJC_ARC = YES;
				CLANG_ENABLE_OBJC_WEAK = YES;
				CLANG_WARN_BLOCK_CAPTURE_AUTORELEASING = YES;
				CLANG_WARN_BOOL_CONVERSION = YES;
				CLANG_WARN_COMMA = YES;
				CLANG_WARN_CONSTANT_CONVERSION = YES;
				CLANG_WARN_DEPRECATED_OBJC_IMPLEMENTATIONS = YES;
				CLANG_WARN_DIRECT_OBJC_ISA_USAGE = YES_ERROR;
				CLANG_WARN_DOCUMENTATION_COMMENTS = YES;
				CLANG_WARN_EMPTY_BODY = YES;
				CLANG_WARN_ENUM_CONVERSION = YES;
				CLANG_WARN_INFINITE_RECURSION = YES;
				CLANG_WARN_INT_CONVERSION = YES;
				CLANG_WARN_NON_LITERAL_NULL_CONVERSION = YES;
				CLANG_WARN_OBJC_IMPLICIT_RETAIN_SELF = YES;
				CLANG_WARN_OBJC_LITERAL_CONVERSION = YES;
				CLANG_WARN_OBJC_ROOT_CLASS = YES_ERROR;
				CLANG_WARN_QUOTED_INCLUDE_IN_FRAMEWORK_HEADER = YES;
				CLANG_WARN_RANGE_LOOP_ANALYSIS = YES;
				CLANG_WARN_STRICT_PROTOTYPES = YES;
				CLANG_WARN_SUSPICIOUS_MOVE = YES;
				CLANG_WARN_UNGUARDED_AVAILABILITY = YES_AGGRESSIVE;
				CLANG_WARN_UNREACHABLE_CODE = YES;
				CLANG_WARN__DUPLICATE_METHOD_MATCH = YES;
				COPY_PHASE_STRIP = NO;
				DEBUG_INFORMATION_FORMAT = "dwarf-with-dsym";
				ENABLE_NS_ASSERTIONS = NO;
				ENABLE_STRICT_OBJC_MSGSEND = YES;
				GCC_C_LANGUAGE_STANDARD = gnu11;
				GCC_NO_COMMON_BLOCKS = YES;
				GCC_WARN_64_TO_32_BIT_CONVERSION = YES;
				GCC_WARN_ABOUT_RETURN_TYPE = YES_ERROR;
				GCC_WARN_UNDECLARED_SELECTOR = YES;
				GCC_WARN_UNINITIALIZED_AUTOS = YES_AGGRESSIVE;
				GCC_WARN_UNUSED_FUNCTION = YES;
				GCC_WARN_UNUSED_VARIABLE = YES;
				IPHONEOS_DEPLOYMENT_TARGET = 15.2;
				MTL_ENABLE_DEBUG_INFO = NO;
				MTL_FAST_MATH = YES;
				SDKROOT = iphoneos;
				SWIFT_COMPILATION_MODE = wholemodule;
				SWIFT_OPTIMIZATION_LEVEL = "-O";
				VALIDATE_PRODUCT = YES;
			};
			name = Release;
		};
		CBE3CFF52820EC9A00C70677 /* Debug */ = {
			isa = XCBuildConfiguration;
			buildSettings = {
				ASSETCATALOG_COMPILER_APPICON_NAME = AppIcon;
				ASSETCATALOG_COMPILER_GLOBAL_ACCENT_COLOR_NAME = AccentColor;
				CODE_SIGN_STYLE = Automatic;
				CURRENT_PROJECT_VERSION = 1;
				DEVELOPMENT_TEAM = DRUSX4AY34;
				GENERATE_INFOPLIST_FILE = YES;
				INFOPLIST_FILE = testCircle/Info.plist;
				INFOPLIST_KEY_UIApplicationSupportsIndirectInputEvents = YES;
				INFOPLIST_KEY_UILaunchStoryboardName = LaunchScreen;
				INFOPLIST_KEY_UIMainStoryboardFile = Main;
				INFOPLIST_KEY_UISupportedInterfaceOrientations_iPad = "UIInterfaceOrientationPortrait UIInterfaceOrientationPortraitUpsideDown UIInterfaceOrientationLandscapeLeft UIInterfaceOrientationLandscapeRight";
				INFOPLIST_KEY_UISupportedInterfaceOrientations_iPhone = "UIInterfaceOrientationPortrait UIInterfaceOrientationLandscapeLeft UIInterfaceOrientationLandscapeRight";
				LD_RUNPATH_SEARCH_PATHS = (
					"$(inherited)",
					"@executable_path/Frameworks",
				);
				MARKETING_VERSION = 1.0;
				PRODUCT_BUNDLE_IDENTIFIER = "com.yd-04.testCircle";
				PRODUCT_NAME = "$(TARGET_NAME)";
				SWIFT_EMIT_LOC_STRINGS = YES;
				SWIFT_VERSION = 5.0;
				TARGETED_DEVICE_FAMILY = "1,2";
			};
			name = Debug;
		};
		CBE3CFF62820EC9A00C70677 /* Release */ = {
			isa = XCBuildConfiguration;
			buildSettings = {
				ASSETCATALOG_COMPILER_APPICON_NAME = AppIcon;
				ASSETCATALOG_COMPILER_GLOBAL_ACCENT_COLOR_NAME = AccentColor;
				CODE_SIGN_STYLE = Automatic;
				CURRENT_PROJECT_VERSION = 1;
				DEVELOPMENT_TEAM = DRUSX4AY34;
				GENERATE_INFOPLIST_FILE = YES;
				INFOPLIST_FILE = testCircle/Info.plist;
				INFOPLIST_KEY_UIApplicationSupportsIndirectInputEvents = YES;
				INFOPLIST_KEY_UILaunchStoryboardName = LaunchScreen;
				INFOPLIST_KEY_UIMainStoryboardFile = Main;
				INFOPLIST_KEY_UISupportedInterfaceOrientations_iPad = "UIInterfaceOrientationPortrait UIInterfaceOrientationPortraitUpsideDown UIInterfaceOrientationLandscapeLeft UIInterfaceOrientationLandscapeRight";
				INFOPLIST_KEY_UISupportedInterfaceOrientations_iPhone = "UIInterfaceOrientationPortrait UIInterfaceOrientationLandscapeLeft UIInterfaceOrientationLandscapeRight";
				LD_RUNPATH_SEARCH_PATHS = (
					"$(inherited)",
					"@executable_path/Frameworks",
				);
				MARKETING_VERSION = 1.0;
				PRODUCT_BUNDLE_IDENTIFIER = "com.yd-04.testCircle";
				PRODUCT_NAME = "$(TARGET_NAME)";
				SWIFT_EMIT_LOC_STRINGS = YES;
				SWIFT_VERSION = 5.0;
				TARGETED_DEVICE_FAMILY = "1,2";
			};
			name = Release;
		};
/* End XCBuildConfiguration section */

/* Begin XCConfigurationList section */
		CBE3CFDB2820EC9900C70677 /* Build configuration list for PBXProject "testCircle" */ = {
			isa = XCConfigurationList;
			buildConfigurations = (
				CBE3CFF22820EC9A00C70677 /* Debug */,
				CBE3CFF32820EC9A00C70677 /* Release */,
			);
			defaultConfigurationIsVisible = 0;
			defaultConfigurationName = Release;
		};
		CBE3CFF42820EC9A00C70677 /* Build configuration list for PBXNativeTarget "testCircle" */ = {
			isa = XCConfigurationList;
			buildConfigurations = (
				CBE3CFF52820EC9A00C70677 /* Debug */,
				CBE3CFF62820EC9A00C70677 /* Release */,
			);
			defaultConfigurationIsVisible = 0;
			defaultConfigurationName = Release;
		};
/* End XCConfigurationList section */

/* Begin XCVersionGroup section */
		CB11310F2829022D0029F69B /* testCircle.xcdatamodeld */ = {
			isa = XCVersionGroup;
			children = (
				CB1131102829022D0029F69B /* testCircle.xcdatamodel */,
			);
			currentVersion = CB1131102829022D0029F69B /* testCircle.xcdatamodel */;
			path = testCircle.xcdatamodeld;
			sourceTree = "<group>";
			versionGroupType = wrapper.xcdatamodel;
		};
/* End XCVersionGroup section */
	};
	rootObject = CBE3CFD82820EC9900C70677 /* Project object */;
}
